
Microsoft Visual Studio Solution File, Format Version 12.00
# Visual Studio Version 17
VisualStudioVersion = 17.5.002.0
MinimumVisualStudioVersion = 10.0.40219.1
Project("{2150E333-8FDC-42A3-9474-1A3956D46DE8}") = "test", "test", "{15261E9A-7048-4089-8089-0E9359DFD1B0}"
EndProject
Project("{9A19103F-16F7-4668-BE54-9A1E7A4F7556}") = "Webion.Stargaze.Api.IntegrationTests", "test\Webion.Stargaze.Api.IntegrationTests\Webion.Stargaze.Api.IntegrationTests.csproj", "{7114CF20-7E76-441E-8DAA-ED04410F8F5D}"
EndProject
Project("{2150E333-8FDC-42A3-9474-1A3956D46DE8}") = "src", "src", "{2E820467-0E3B-4A07-BE2C-C5512DE43DFD}"
EndProject
Project("{9A19103F-16F7-4668-BE54-9A1E7A4F7556}") = "Webion.Stargaze.Auth", "src\Webion.Stargaze.Auth\Webion.Stargaze.Auth.csproj", "{08EEB4E4-8153-46D9-A884-9E0582371C70}"
EndProject
Project("{9A19103F-16F7-4668-BE54-9A1E7A4F7556}") = "Webion.Stargaze.Pgsql.Migrations", "src\Webion.Stargaze.Pgsql.Migrations\Webion.Stargaze.Pgsql.Migrations.csproj", "{A3878F8D-3AAE-4B99-8EB3-3366CFDD2607}"
EndProject
Project("{9A19103F-16F7-4668-BE54-9A1E7A4F7556}") = "Webion.ClickUp.Services", "src\Webion.ClickUp.Services\Webion.ClickUp.Services.csproj", "{AF0A766F-89A8-4533-8D53-D0B80305AA35}"
EndProject
Project("{9A19103F-16F7-4668-BE54-9A1E7A4F7556}") = "Webion.Stargaze.Api", "src\Webion.Stargaze.Api\Webion.Stargaze.Api.csproj", "{C3E0CEBD-5828-4A89-96C2-DF2A5EA1B401}"
EndProject
Project("{9A19103F-16F7-4668-BE54-9A1E7A4F7556}") = "Webion.Stargaze.Core", "src\Webion.Stargaze.Core\Webion.Stargaze.Core.csproj", "{9242C3C0-3617-4BE2-B7E6-FB8BDD6C58CD}"
EndProject
Project("{9A19103F-16F7-4668-BE54-9A1E7A4F7556}") = "Webion.Stargaze.Playground", "src\Webion.Stargaze.Playground\Webion.Stargaze.Playground.csproj", "{F9D0DC85-285B-4CF6-B7DB-1FA21217D987}"
EndProject
Project("{9A19103F-16F7-4668-BE54-9A1E7A4F7556}") = "Webion.AspNetCore.Authentication.ClickUp", "src\Webion.AspNetCore.Authentication.ClickUp\Webion.AspNetCore.Authentication.ClickUp.csproj", "{1696D80A-946A-4E53-A09B-8B42EF1EB722}"
EndProject
Project("{9A19103F-16F7-4668-BE54-9A1E7A4F7556}") = "Webion.Stargaze.Pgsql", "src\Webion.Stargaze.Pgsql\Webion.Stargaze.Pgsql.csproj", "{3BCA3530-2B82-430B-9352-05D34AA49537}"
EndProject
Project("{9A19103F-16F7-4668-BE54-9A1E7A4F7556}") = "Webion.Stargaze.Cli", "src\Webion.Stargaze.Cli\Webion.Stargaze.Cli.csproj", "{55970644-2F75-4A23-BF48-5E381BADC57B}"
EndProject
Project("{9A19103F-16F7-4668-BE54-9A1E7A4F7556}") = "Webion.ClickUp.Api.V2", "src\Webion.ClickUp.Api.V2\Webion.ClickUp.Api.V2.csproj", "{4205B1AE-877E-41C8-AE19-3CDAB9F11E0C}"
EndProject
Global
	GlobalSection(SolutionConfigurationPlatforms) = preSolution
		Debug|Any CPU = Debug|Any CPU
		Release|Any CPU = Release|Any CPU
	EndGlobalSection
	GlobalSection(ProjectConfigurationPlatforms) = postSolution
		{7114CF20-7E76-441E-8DAA-ED04410F8F5D}.Debug|Any CPU.ActiveCfg = Debug|Any CPU
		{7114CF20-7E76-441E-8DAA-ED04410F8F5D}.Debug|Any CPU.Build.0 = Debug|Any CPU
		{7114CF20-7E76-441E-8DAA-ED04410F8F5D}.Release|Any CPU.ActiveCfg = Release|Any CPU
		{7114CF20-7E76-441E-8DAA-ED04410F8F5D}.Release|Any CPU.Build.0 = Release|Any CPU
		{08EEB4E4-8153-46D9-A884-9E0582371C70}.Debug|Any CPU.ActiveCfg = Debug|Any CPU
		{08EEB4E4-8153-46D9-A884-9E0582371C70}.Debug|Any CPU.Build.0 = Debug|Any CPU
		{08EEB4E4-8153-46D9-A884-9E0582371C70}.Release|Any CPU.ActiveCfg = Release|Any CPU
		{08EEB4E4-8153-46D9-A884-9E0582371C70}.Release|Any CPU.Build.0 = Release|Any CPU
		{A3878F8D-3AAE-4B99-8EB3-3366CFDD2607}.Debug|Any CPU.ActiveCfg = Debug|Any CPU
		{A3878F8D-3AAE-4B99-8EB3-3366CFDD2607}.Debug|Any CPU.Build.0 = Debug|Any CPU
		{A3878F8D-3AAE-4B99-8EB3-3366CFDD2607}.Release|Any CPU.ActiveCfg = Release|Any CPU
		{A3878F8D-3AAE-4B99-8EB3-3366CFDD2607}.Release|Any CPU.Build.0 = Release|Any CPU
		{AF0A766F-89A8-4533-8D53-D0B80305AA35}.Debug|Any CPU.ActiveCfg = Debug|Any CPU
		{AF0A766F-89A8-4533-8D53-D0B80305AA35}.Debug|Any CPU.Build.0 = Debug|Any CPU
		{AF0A766F-89A8-4533-8D53-D0B80305AA35}.Release|Any CPU.ActiveCfg = Release|Any CPU
		{AF0A766F-89A8-4533-8D53-D0B80305AA35}.Release|Any CPU.Build.0 = Release|Any CPU
		{C3E0CEBD-5828-4A89-96C2-DF2A5EA1B401}.Debug|Any CPU.ActiveCfg = Debug|Any CPU
		{C3E0CEBD-5828-4A89-96C2-DF2A5EA1B401}.Debug|Any CPU.Build.0 = Debug|Any CPU
		{C3E0CEBD-5828-4A89-96C2-DF2A5EA1B401}.Release|Any CPU.ActiveCfg = Release|Any CPU
		{C3E0CEBD-5828-4A89-96C2-DF2A5EA1B401}.Release|Any CPU.Build.0 = Release|Any CPU
		{9242C3C0-3617-4BE2-B7E6-FB8BDD6C58CD}.Debug|Any CPU.ActiveCfg = Debug|Any CPU
		{9242C3C0-3617-4BE2-B7E6-FB8BDD6C58CD}.Debug|Any CPU.Build.0 = Debug|Any CPU
		{9242C3C0-3617-4BE2-B7E6-FB8BDD6C58CD}.Release|Any CPU.ActiveCfg = Release|Any CPU
		{9242C3C0-3617-4BE2-B7E6-FB8BDD6C58CD}.Release|Any CPU.Build.0 = Release|Any CPU
		{F9D0DC85-285B-4CF6-B7DB-1FA21217D987}.Debug|Any CPU.ActiveCfg = Debug|Any CPU
		{F9D0DC85-285B-4CF6-B7DB-1FA21217D987}.Debug|Any CPU.Build.0 = Debug|Any CPU
		{F9D0DC85-285B-4CF6-B7DB-1FA21217D987}.Release|Any CPU.ActiveCfg = Release|Any CPU
		{F9D0DC85-285B-4CF6-B7DB-1FA21217D987}.Release|Any CPU.Build.0 = Release|Any CPU
		{1696D80A-946A-4E53-A09B-8B42EF1EB722}.Debug|Any CPU.ActiveCfg = Debug|Any CPU
		{1696D80A-946A-4E53-A09B-8B42EF1EB722}.Debug|Any CPU.Build.0 = Debug|Any CPU
		{1696D80A-946A-4E53-A09B-8B42EF1EB722}.Release|Any CPU.ActiveCfg = Release|Any CPU
		{1696D80A-946A-4E53-A09B-8B42EF1EB722}.Release|Any CPU.Build.0 = Release|Any CPU
		{3BCA3530-2B82-430B-9352-05D34AA49537}.Debug|Any CPU.ActiveCfg = Debug|Any CPU
		{3BCA3530-2B82-430B-9352-05D34AA49537}.Debug|Any CPU.Build.0 = Debug|Any CPU
		{3BCA3530-2B82-430B-9352-05D34AA49537}.Release|Any CPU.ActiveCfg = Release|Any CPU
		{3BCA3530-2B82-430B-9352-05D34AA49537}.Release|Any CPU.Build.0 = Release|Any CPU
		{55970644-2F75-4A23-BF48-5E381BADC57B}.Debug|Any CPU.ActiveCfg = Debug|Any CPU
		{55970644-2F75-4A23-BF48-5E381BADC57B}.Debug|Any CPU.Build.0 = Debug|Any CPU
		{55970644-2F75-4A23-BF48-5E381BADC57B}.Release|Any CPU.ActiveCfg = Release|Any CPU
		{55970644-2F75-4A23-BF48-5E381BADC57B}.Release|Any CPU.Build.0 = Release|Any CPU
		{4205B1AE-877E-41C8-AE19-3CDAB9F11E0C}.Debug|Any CPU.ActiveCfg = Debug|Any CPU
		{4205B1AE-877E-41C8-AE19-3CDAB9F11E0C}.Debug|Any CPU.Build.0 = Debug|Any CPU
		{4205B1AE-877E-41C8-AE19-3CDAB9F11E0C}.Release|Any CPU.ActiveCfg = Release|Any CPU
		{4205B1AE-877E-41C8-AE19-3CDAB9F11E0C}.Release|Any CPU.Build.0 = Release|Any CPU
	EndGlobalSection
	GlobalSection(SolutionProperties) = preSolution
		HideSolutionNode = FALSE
	EndGlobalSection
	GlobalSection(NestedProjects) = preSolution
		{7114CF20-7E76-441E-8DAA-ED04410F8F5D} = {15261E9A-7048-4089-8089-0E9359DFD1B0}
		{08EEB4E4-8153-46D9-A884-9E0582371C70} = {2E820467-0E3B-4A07-BE2C-C5512DE43DFD}
		{A3878F8D-3AAE-4B99-8EB3-3366CFDD2607} = {2E820467-0E3B-4A07-BE2C-C5512DE43DFD}
		{AF0A766F-89A8-4533-8D53-D0B80305AA35} = {2E820467-0E3B-4A07-BE2C-C5512DE43DFD}
		{C3E0CEBD-5828-4A89-96C2-DF2A5EA1B401} = {2E820467-0E3B-4A07-BE2C-C5512DE43DFD}
		{9242C3C0-3617-4BE2-B7E6-FB8BDD6C58CD} = {2E820467-0E3B-4A07-BE2C-C5512DE43DFD}
		{F9D0DC85-285B-4CF6-B7DB-1FA21217D987} = {2E820467-0E3B-4A07-BE2C-C5512DE43DFD}
		{1696D80A-946A-4E53-A09B-8B42EF1EB722} = {2E820467-0E3B-4A07-BE2C-C5512DE43DFD}
		{3BCA3530-2B82-430B-9352-05D34AA49537} = {2E820467-0E3B-4A07-BE2C-C5512DE43DFD}
		{55970644-2F75-4A23-BF48-5E381BADC57B} = {2E820467-0E3B-4A07-BE2C-C5512DE43DFD}
		{4205B1AE-877E-41C8-AE19-3CDAB9F11E0C} = {2E820467-0E3B-4A07-BE2C-C5512DE43DFD}
	EndGlobalSection
	GlobalSection(ExtensibilityGlobals) = postSolution
		SolutionGuid = {2681C3F2-00B3-4A92-8AFB-55EC93402BB1}
	EndGlobalSection
EndGlobal
