
Microsoft Visual Studio Solution File, Format Version 12.00
Project("{2150E333-8FDC-42A3-9474-1A3956D46DE8}") = "api", "api", "{747792B8-D158-4E5D-AB4A-001B42A11FE3}"
EndProject
Project("{FAE04EC0-301F-11D3-BF4B-00C04F79EFBC}") = "Webion.Stargaze.Api", "Webion.Stargaze.Api\Webion.Stargaze.Api.csproj", "{98A837CD-0586-4141-82CA-89F09AC0773A}"
EndProject
Project("{2150E333-8FDC-42A3-9474-1A3956D46DE8}") = "clickup", "clickup", "{7F60D832-0F35-4044-BE8E-68F703A18206}"
EndProject
Project("{FAE04EC0-301F-11D3-BF4B-00C04F79EFBC}") = "Webion.ClickUp.Api.V2", "Webion.ClickUp.Api.V2\Webion.ClickUp.Api.V2.csproj", "{6F1ADC72-DAB7-4C98-9340-A7F2838B2E87}"
EndProject
Project("{2150E333-8FDC-42A3-9474-1A3956D46DE8}") = "db", "db", "{85093A37-72D6-40F2-915D-D503F836E6E4}"
EndProject
Project("{FAE04EC0-301F-11D3-BF4B-00C04F79EFBC}") = "Webion.Stargaze.Pgsql", "Webion.Stargaze.Pgsql\Webion.Stargaze.Pgsql.csproj", "{0F5DC970-B404-464D-8848-0B856E393FA2}"
EndProject
Project("{FAE04EC0-301F-11D3-BF4B-00C04F79EFBC}") = "Webion.Stargaze.Pgsql.Migrations", "Webion.Stargaze.Pgsql.Migrations\Webion.Stargaze.Pgsql.Migrations.csproj", "{54DAF5CD-2B75-4CB5-A654-B2429432F837}"
EndProject
Project("{2150E333-8FDC-42A3-9474-1A3956D46DE8}") = "test", "test", "{5138D26E-107F-4507-9228-7CEA98613F24}"
EndProject
Project("{FAE04EC0-301F-11D3-BF4B-00C04F79EFBC}") = "Webion.Stargaze.Playground", "Webion.Stargaze.Playground\Webion.Stargaze.Playground.csproj", "{F7E0CE86-18C2-4913-88C6-AB48563758B5}"
EndProject
Project("{FAE04EC0-301F-11D3-BF4B-00C04F79EFBC}") = "Webion.Stargaze.Core", "Webion.Stargaze.Core\Webion.Stargaze.Core.csproj", "{BD5D9C9F-1360-4A57-B29E-C514F237EAC9}"
EndProject
Project("{FAE04EC0-301F-11D3-BF4B-00C04F79EFBC}") = "Webion.Stargaze.Auth", "Webion.Stargaze.Auth\Webion.Stargaze.Auth.csproj", "{E42FF427-4159-49A3-8BC4-56A48A0F7AC8}"
EndProject
Project("{FAE04EC0-301F-11D3-BF4B-00C04F79EFBC}") = "Webion.AspNetCore.Authentication.ClickUp", "Webion.AspNetCore.Authentication.ClickUp\Webion.AspNetCore.Authentication.ClickUp.csproj", "{33C5AEFB-E634-4E8B-A65D-98C353E7953E}"
EndProject
Project("{2150E333-8FDC-42A3-9474-1A3956D46DE8}") = "cli", "cli", "{D27BECD1-3EAF-4E3C-9027-B2A8CBB274A5}"
EndProject
Project("{FAE04EC0-301F-11D3-BF4B-00C04F79EFBC}") = "Webion.Stargaze.Cli", "Webion.Stargaze.Cli\Webion.Stargaze.Cli.csproj", "{3B16A1EA-853B-4259-8550-2E5C13439FF1}"
EndProject
Project("{FAE04EC0-301F-11D3-BF4B-00C04F79EFBC}") = "Webion.ClickUp.Services", "Webion.ClickUp.Services\Webion.ClickUp.Services.csproj", "{A616D71C-DFDE-4F48-834E-D1EDAAC97AC3}"
EndProject
Global
	GlobalSection(SolutionConfigurationPlatforms) = preSolution
		Debug|Any CPU = Debug|Any CPU
		Release|Any CPU = Release|Any CPU
	EndGlobalSection
	GlobalSection(NestedProjects) = preSolution
		{98A837CD-0586-4141-82CA-89F09AC0773A} = {747792B8-D158-4E5D-AB4A-001B42A11FE3}
		{6F1ADC72-DAB7-4C98-9340-A7F2838B2E87} = {7F60D832-0F35-4044-BE8E-68F703A18206}
		{0F5DC970-B404-464D-8848-0B856E393FA2} = {85093A37-72D6-40F2-915D-D503F836E6E4}
		{54DAF5CD-2B75-4CB5-A654-B2429432F837} = {85093A37-72D6-40F2-915D-D503F836E6E4}
		{F7E0CE86-18C2-4913-88C6-AB48563758B5} = {5138D26E-107F-4507-9228-7CEA98613F24}
		{33C5AEFB-E634-4E8B-A65D-98C353E7953E} = {7F60D832-0F35-4044-BE8E-68F703A18206}
		{3B16A1EA-853B-4259-8550-2E5C13439FF1} = {D27BECD1-3EAF-4E3C-9027-B2A8CBB274A5}
		{A616D71C-DFDE-4F48-834E-D1EDAAC97AC3} = {7F60D832-0F35-4044-BE8E-68F703A18206}
	EndGlobalSection
	GlobalSection(ProjectConfigurationPlatforms) = postSolution
		{98A837CD-0586-4141-82CA-89F09AC0773A}.Debug|Any CPU.ActiveCfg = Debug|Any CPU
		{98A837CD-0586-4141-82CA-89F09AC0773A}.Debug|Any CPU.Build.0 = Debug|Any CPU
		{98A837CD-0586-4141-82CA-89F09AC0773A}.Release|Any CPU.ActiveCfg = Release|Any CPU
		{98A837CD-0586-4141-82CA-89F09AC0773A}.Release|Any CPU.Build.0 = Release|Any CPU
		{6F1ADC72-DAB7-4C98-9340-A7F2838B2E87}.Debug|Any CPU.ActiveCfg = Debug|Any CPU
		{6F1ADC72-DAB7-4C98-9340-A7F2838B2E87}.Debug|Any CPU.Build.0 = Debug|Any CPU
		{6F1ADC72-DAB7-4C98-9340-A7F2838B2E87}.Release|Any CPU.ActiveCfg = Release|Any CPU
		{6F1ADC72-DAB7-4C98-9340-A7F2838B2E87}.Release|Any CPU.Build.0 = Release|Any CPU
		{0F5DC970-B404-464D-8848-0B856E393FA2}.Debug|Any CPU.ActiveCfg = Debug|Any CPU
		{0F5DC970-B404-464D-8848-0B856E393FA2}.Debug|Any CPU.Build.0 = Debug|Any CPU
		{0F5DC970-B404-464D-8848-0B856E393FA2}.Release|Any CPU.ActiveCfg = Release|Any CPU
		{0F5DC970-B404-464D-8848-0B856E393FA2}.Release|Any CPU.Build.0 = Release|Any CPU
		{54DAF5CD-2B75-4CB5-A654-B2429432F837}.Debug|Any CPU.ActiveCfg = Debug|Any CPU
		{54DAF5CD-2B75-4CB5-A654-B2429432F837}.Debug|Any CPU.Build.0 = Debug|Any CPU
		{54DAF5CD-2B75-4CB5-A654-B2429432F837}.Release|Any CPU.ActiveCfg = Release|Any CPU
		{54DAF5CD-2B75-4CB5-A654-B2429432F837}.Release|Any CPU.Build.0 = Release|Any CPU
		{F7E0CE86-18C2-4913-88C6-AB48563758B5}.Debug|Any CPU.ActiveCfg = Debug|Any CPU
		{F7E0CE86-18C2-4913-88C6-AB48563758B5}.Debug|Any CPU.Build.0 = Debug|Any CPU
		{F7E0CE86-18C2-4913-88C6-AB48563758B5}.Release|Any CPU.ActiveCfg = Release|Any CPU
		{F7E0CE86-18C2-4913-88C6-AB48563758B5}.Release|Any CPU.Build.0 = Release|Any CPU
		{BD5D9C9F-1360-4A57-B29E-C514F237EAC9}.Debug|Any CPU.ActiveCfg = Debug|Any CPU
		{BD5D9C9F-1360-4A57-B29E-C514F237EAC9}.Debug|Any CPU.Build.0 = Debug|Any CPU
		{BD5D9C9F-1360-4A57-B29E-C514F237EAC9}.Release|Any CPU.ActiveCfg = Release|Any CPU
		{BD5D9C9F-1360-4A57-B29E-C514F237EAC9}.Release|Any CPU.Build.0 = Release|Any CPU
		{E42FF427-4159-49A3-8BC4-56A48A0F7AC8}.Debug|Any CPU.ActiveCfg = Debug|Any CPU
		{E42FF427-4159-49A3-8BC4-56A48A0F7AC8}.Debug|Any CPU.Build.0 = Debug|Any CPU
		{E42FF427-4159-49A3-8BC4-56A48A0F7AC8}.Release|Any CPU.ActiveCfg = Release|Any CPU
		{E42FF427-4159-49A3-8BC4-56A48A0F7AC8}.Release|Any CPU.Build.0 = Release|Any CPU
		{33C5AEFB-E634-4E8B-A65D-98C353E7953E}.Debug|Any CPU.ActiveCfg = Debug|Any CPU
		{33C5AEFB-E634-4E8B-A65D-98C353E7953E}.Debug|Any CPU.Build.0 = Debug|Any CPU
		{33C5AEFB-E634-4E8B-A65D-98C353E7953E}.Release|Any CPU.ActiveCfg = Release|Any CPU
		{33C5AEFB-E634-4E8B-A65D-98C353E7953E}.Release|Any CPU.Build.0 = Release|Any CPU
		{3B16A1EA-853B-4259-8550-2E5C13439FF1}.Debug|Any CPU.ActiveCfg = Debug|Any CPU
		{3B16A1EA-853B-4259-8550-2E5C13439FF1}.Debug|Any CPU.Build.0 = Debug|Any CPU
		{3B16A1EA-853B-4259-8550-2E5C13439FF1}.Release|Any CPU.ActiveCfg = Release|Any CPU
		{3B16A1EA-853B-4259-8550-2E5C13439FF1}.Release|Any CPU.Build.0 = Release|Any CPU
		{A616D71C-DFDE-4F48-834E-D1EDAAC97AC3}.Debug|Any CPU.ActiveCfg = Debug|Any CPU
		{A616D71C-DFDE-4F48-834E-D1EDAAC97AC3}.Debug|Any CPU.Build.0 = Debug|Any CPU
		{A616D71C-DFDE-4F48-834E-D1EDAAC97AC3}.Release|Any CPU.ActiveCfg = Release|Any CPU
		{A616D71C-DFDE-4F48-834E-D1EDAAC97AC3}.Release|Any CPU.Build.0 = Release|Any CPU
	EndGlobalSection
EndGlobal
